
Microsoft Visual Studio Solution File, Format Version 12.00
# Visual Studio Version 17
VisualStudioVersion = 17.11.35327.3
MinimumVisualStudioVersion = 10.0.40219.1
Project("{FAE04EC0-301F-11D3-BF4B-00C04F79EFBC}") = "Lab3", "Lab3\Lab3.csproj", "{FA3BD97A-C098-4B05-B946-FF07872B65F5}"
EndProject
Global
	GlobalSection(SolutionConfigurationPlatforms) = preSolution
		Debug|Any CPU = Debug|Any CPU
		Release|Any CPU = Release|Any CPU
	EndGlobalSection
	GlobalSection(ProjectConfigurationPlatforms) = postSolution
		{FA3BD97A-C098-4B05-B946-FF07872B65F5}.Debug|Any CPU.ActiveCfg = Debug|Any CPU
		{FA3BD97A-C098-4B05-B946-FF07872B65F5}.Debug|Any CPU.Build.0 = Debug|Any CPU
		{FA3BD97A-C098-4B05-B946-FF07872B65F5}.Release|Any CPU.ActiveCfg = Release|Any CPU
		{FA3BD97A-C098-4B05-B946-FF07872B65F5}.Release|Any CPU.Build.0 = Release|Any CPU
	EndGlobalSection
	GlobalSection(SolutionProperties) = preSolution
		HideSolutionNode = FALSE
	EndGlobalSection
	GlobalSection(ExtensibilityGlobals) = postSolution
		SolutionGuid = {14048737-1006-4AE9-9CC0-2BDD17CA7A22}
	EndGlobalSection
EndGlobal
